# Generated by `xrobot setup`; do not edit by hand.
version: 1
requests:
- id: xrobot-org/BlinkLED
  ref: same-or-dev
modules:
  xrobot-org/BlinkLED:
    repo: https://github.com/xrobot-org/BlinkLED.git
    source: https://xrobot.work/xrobot-modules/index.yaml
    requested: same-or-dev
    resolved_ref: feat/static-assembly-20260915
    ref_kind: branch
    commit: a06688f8b145a197527fa97e56679437b8fc2180
