# Generated by `xrobot setup`; do not edit by hand.
version: 1
requests:
- id: xrobot-org/BlinkLED
  ref: same-or-dev
modules:
  xrobot-org/BlinkLED:
    repo: https://github.com/xrobot-org/BlinkLED.git
    source: https://xrobot.work/xrobot-modules/index.yaml
    requested: same-or-dev
    resolved_ref: dev
    ref_kind: branch
    commit: 2fc91fb42b01ce61db3e398cc80ee1bdc0e70638
